{
  "version": 4,
  "terraform_version": "1.11.0",
  "serial": 4,
  "lineage": "ed7a2675-66c9-a76f-99fe-07c8f95c2b69",
  "outputs": {},
  "resources": [
    {
      "mode": "managed",
      "type": "google_artifact_registry_repository",
      "name": "tourist_repo",
      "provider": "provider[\"registry.terraform.io/hashicorp/google\"]",
      "instances": [
        {
          "schema_version": 0,
          "attributes": {
            "cleanup_policies": [],
            "cleanup_policy_dry_run": false,
            "create_time": "2025-03-02T05:07:00.812060Z",
            "description": "",
            "docker_config": [],
            "effective_labels": {
              "goog-terraform-provisioned": "true"
            },
            "format": "DOCKER",
            "id": "projects/tourist-452409/locations/asia-southeast1/repositories/tourist-repo",
            "kms_key_name": "",
            "labels": null,
            "location": "asia-southeast1",
            "maven_config": [],
            "mode": "STANDARD_REPOSITORY",
            "name": "tourist-repo",
            "project": "tourist-452409",
            "remote_repository_config": [],
            "repository_id": "tourist-repo",
            "terraform_labels": {
              "goog-terraform-provisioned": "true"
            },
            "timeouts": null,
            "update_time": "2025-03-02T05:07:00.812060Z",
            "virtual_repository_config": [],
            "vulnerability_scanning_config": [
              {
                "enablement_config": "",
                "enablement_state": "SCANNING_DISABLED",
                "enablement_state_reason": "API containerscanning.googleapis.com is not enabled."
              }
            ]
          },
          "sensitive_attributes": [],
          "private": "eyJlMmJmYjczMC1lY2FhLTExZTYtOGY4OC0zNDM2M2JjN2M0YzAiOnsiY3JlYXRlIjoxMjAwMDAwMDAwMDAwLCJkZWxldGUiOjEyMDAwMDAwMDAwMDAsInVwZGF0ZSI6MTIwMDAwMDAwMDAwMH19"
        }
      ]
    },
    {
      "mode": "managed",
      "type": "google_container_cluster",
      "name": "tourist_cluster",
      "provider": "provider[\"registry.terraform.io/hashicorp/google\"]",
      "instances": [
        {
          "schema_version": 2,
          "attributes": {
            "addons_config": [
              {
                "cloudrun_config": [],
                "config_connector_config": [],
                "dns_cache_config": [],
                "gce_persistent_disk_csi_driver_config": [
                  {
                    "enabled": true
                  }
                ],
                "gcp_filestore_csi_driver_config": [],
                "gcs_fuse_csi_driver_config": [],
                "gke_backup_agent_config": [],
                "horizontal_pod_autoscaling": [],
                "http_load_balancing": [
                  {
                    "disabled": false
                  }
                ],
                "network_policy_config": [
                  {
                    "disabled": true
                  }
                ],
                "parallelstore_csi_driver_config": [],
                "ray_operator_config": [],
                "stateful_ha_config": []
              }
            ],
            "allow_net_admin": null,
            "authenticator_groups_config": [],
            "binary_authorization": [
              {
                "enabled": false,
                "evaluation_mode": ""
              }
            ],
            "cluster_autoscaling": [
              {
                "auto_provisioning_defaults": [],
                "auto_provisioning_locations": [],
                "autoscaling_profile": "BALANCED",
                "enabled": false,
                "resource_limits": []
              }
            ],
            "cluster_ipv4_cidr": "10.4.0.0/14",
            "confidential_nodes": [],
            "control_plane_endpoints_config": [
              {
                "dns_endpoint_config": [
                  {
                    "allow_external_traffic": false,
                    "endpoint": "gke-5927ea689d3f42ecbfe368cd4583c6c447b7-498702756220.asia-southeast1.gke.goog"
                  }
                ]
              }
            ],
            "cost_management_config": [],
            "database_encryption": [
              {
                "key_name": "",
                "state": "DECRYPTED"
              }
            ],
            "datapath_provider": "",
            "default_max_pods_per_node": 110,
            "default_snat_status": [
              {
                "disabled": false
              }
            ],
            "deletion_protection": true,
            "description": "",
            "dns_config": [],
            "effective_labels": {
              "goog-terraform-provisioned": "true"
            },
            "enable_autopilot": false,
            "enable_cilium_clusterwide_network_policy": false,
            "enable_fqdn_network_policy": false,
            "enable_intranode_visibility": false,
            "enable_k8s_beta_apis": [],
            "enable_kubernetes_alpha": false,
            "enable_l4_ilb_subsetting": false,
            "enable_legacy_abac": false,
            "enable_multi_networking": false,
            "enable_shielded_nodes": true,
            "enable_tpu": false,
            "endpoint": "34.126.160.92",
            "enterprise_config": [
              {
                "cluster_tier": "STANDARD",
                "desired_tier": ""
              }
            ],
            "fleet": [],
            "gateway_api_config": [],
            "id": "projects/tourist-452409/locations/asia-southeast1/clusters/tourist-cluster",
            "identity_service_config": [],
            "initial_node_count": 1,
            "ip_allocation_policy": [
              {
                "additional_pod_ranges_config": [],
                "cluster_ipv4_cidr_block": "10.4.0.0/14",
                "cluster_secondary_range_name": "gke-tourist-cluster-pods-5927ea68",
                "pod_cidr_overprovision_config": [
                  {
                    "disabled": false
                  }
                ],
                "services_ipv4_cidr_block": "34.118.224.0/20",
                "services_secondary_range_name": "",
                "stack_type": "IPV4"
              }
            ],
            "label_fingerprint": "78cdf2f6",
            "location": "asia-southeast1",
            "logging_config": [
              {
                "enable_components": [
                  "SYSTEM_COMPONENTS",
                  "WORKLOADS"
                ]
              }
            ],
            "logging_service": "logging.googleapis.com/kubernetes",
            "maintenance_policy": [],
            "master_auth": [
              {
                "client_certificate": "",
                "client_certificate_config": [
                  {
                    "issue_client_certificate": false
                  }
                ],
                "client_key": "",
                "cluster_ca_certificate": "LS0tLS1CRUdJTiBDRVJUSUZJQ0FURS0tLS0tCk1JSUVMVENDQXBXZ0F3SUJBZ0lSQUlDMWo3WElLNlhqNnRnU3JHNzlOQmN3RFFZSktvWklodmNOQVFFTEJRQXcKTHpFdE1Dc0dBMVVFQXhNa056RXlZemc1WmpVdE1HSTRPUzAwWTJOakxXSmpabVF0TURRNFltTm1NemN4T1RaaApNQ0FYRFRJMU1ETXdNakEwTURZMU1Wb1lEekl3TlRVd01qSXpNRFV3TmpVeFdqQXZNUzB3S3dZRFZRUURFeVEzCk1USmpPRGxtTlMwd1lqZzVMVFJqWTJNdFltTm1aQzB3TkRoaVkyWXpOekU1Tm1Fd2dnR2lNQTBHQ1NxR1NJYjMKRFFFQkFRVUFBNElCandBd2dnR0tBb0lCZ1FDcEYzd2NUaFFIRDAyV0FPSGRjdDU3Y0FDaWozM0Y4ZHNsYlg2aQpISU16Y1RlcytmU3BURnErUEdQRjEwdzhaQm5aYWhhdnN5R0dsL0J0Q2NLZC9yTmFvbUY1TldybWVGclNJbTFqCmg1dkl2eHVLUm93VUY3Y3IrVFBQSDk4QklXSFdjLy9jOUxReHZkeDJPdTVCaDBOSWpEVFRCTjZMTU9wbWV4cEMKd3ZkRkxJZ0RMSyt6ZUptVE01SitrcVRhdktKMVpxVjV3QzdRbVpQY3VmRGFRMHhQaCtsRjA4dDdNWituUVZSego0TUpyK0d2TmtkSWQvSlExMkRISE1XQTYySkxmVWZnNlBQazIvM0NRRjdZTXdYaDB0RzFRcGhBTHJhUitMeE1uCkVtT1BremlWZk5PRzIzYVhHblJzdUJvRm8xU0UrMmRsaEFvYk9oT3hYUTNlMWpRTzhpWWw2R1VLcitWU3dVeWYKOFh6N05VaHJSZVFkWGJHUGRkUFFHOHZZR1drNS90ZDBBdThqcjZGYXhaWXBmeTlKekh2bEdNRUZRMFFpeUJzYgpia0pQb1ZGeFNXUmliNXo2dFhHcjJ4c3Q5dkk3ak5UNE9aV2MyR044OHl1MTk3Si92M3NnM2tXR0ZNQy9XZmxxCkhsMW41bFpJekZOaGxMSDVFd2F2L3o5RGJIY0NBd0VBQWFOQ01FQXdEZ1lEVlIwUEFRSC9CQVFEQWdJRU1BOEcKQTFVZEV3RUIvd1FGTUFNQkFmOHdIUVlEVlIwT0JCWUVGRkVMdUg0MzFtZHNkOFpPbk9VQ2lwNURuVVEvTUEwRwpDU3FHU0liM0RRRUJDd1VBQTRJQmdRQVlMWnpKNU9ObnVOdlROM3FQSnVGZ0NmNTVTQzZnSGlwMDg2TDRwZWtqCitoMTlMbmE0OWNCMkNkUFhGM0VaTmdNQWJSS2dUN3hlRmxBYVEwRURVVHBzU3BRY1ZHMzRWRGhPeHkxcisvcEUKMWVwdXVQUHVsOCtwTXdtWXZlT29XOHp6KytLY2pjTlNtazRlU1hKVFEvMFBZWU91MWJyOGtLdWJkYXdCejBqZwp4a0daLy80d0tlQUxTTS9zZFNSbEFSZnV6eHhkK1d3T25EUkIySyt5M01pZG5VMmZlN1RqZExWREgxTGphY2taCktodmhDNG5oN21mN1owQ3lLeGZoUm9lSUZFajNLeVo1TDl2ZmFoaTk1eXMrTDZEVGhqVXJKQ3dJeVN1SERQdW0KS0hZd3FoN3p4aSthcjFhK1ljMnlMdi8yMGdDYnNaclBOYVM3bld2V2F0dkd4SXJjamVKTUxwUSsrTUZMYVllbgpBV3lrMXNHVlVwTzl5L0lTNUEwUTE4VjViN2M0WTZlWWFiTGIxbEgrZWRoK0g1azBGK043dHhlUllkYU5ITldUCnRCcHZnVTU4cG9SNm43WHBZMW0vNFBFL0tIU3dTYUIxZUN4bFAxeEdLS2lqcHM0Y0lkbFpWdTNXYUNtbkZlZmMKWG5FMXBHMmVnaitUdU1vWHpiRmR3bE09Ci0tLS0tRU5EIENFUlRJRklDQVRFLS0tLS0K"
              }
            ],
            "master_authorized_networks_config": [],
            "master_version": "1.31.5-gke.1169000",
            "mesh_certificates": [],
            "min_master_version": null,
            "monitoring_config": [
              {
                "advanced_datapath_observability_config": [
                  {
                    "enable_metrics": false,
                    "enable_relay": false
                  }
                ],
                "enable_components": [
                  "SYSTEM_COMPONENTS",
                  "HPA",
                  "POD",
                  "DAEMONSET",
                  "DEPLOYMENT",
                  "STATEFULSET",
                  "STORAGE",
                  "CADVISOR",
                  "KUBELET"
                ],
                "managed_prometheus": [
                  {
                    "enabled": true
                  }
                ]
              }
            ],
            "monitoring_service": "monitoring.googleapis.com/kubernetes",
            "name": "tourist-cluster",
            "network": "projects/tourist-452409/global/networks/default",
            "network_policy": [
              {
                "enabled": false,
                "provider": "PROVIDER_UNSPECIFIED"
              }
            ],
            "networking_mode": "VPC_NATIVE",
            "node_config": [],
            "node_locations": [
              "asia-southeast1-a",
              "asia-southeast1-b",
              "asia-southeast1-c"
            ],
            "node_pool": [],
            "node_pool_auto_config": [],
            "node_pool_defaults": [
              {
                "node_config_defaults": [
                  {
                    "containerd_config": [],
                    "gcfs_config": [],
                    "insecure_kubelet_readonly_port_enabled": "FALSE",
                    "logging_variant": "DEFAULT"
                  }
                ]
              }
            ],
            "node_version": "1.31.5-gke.1169000",
            "notification_config": [
              {
                "pubsub": [
                  {
                    "enabled": false,
                    "filter": [],
                    "topic": ""
                  }
                ]
              }
            ],
            "operation": null,
            "private_cluster_config": [
              {
                "enable_private_endpoint": false,
                "enable_private_nodes": false,
                "master_global_access_config": [
                  {
                    "enabled": false
                  }
                ],
                "master_ipv4_cidr_block": "",
                "peering_name": "",
                "private_endpoint": "10.148.0.38",
                "private_endpoint_subnetwork": "",
                "public_endpoint": "34.126.160.92"
              }
            ],
            "private_ipv6_google_access": "",
            "project": "tourist-452409",
            "release_channel": [
              {
                "channel": "REGULAR"
              }
            ],
            "remove_default_node_pool": true,
            "resource_labels": null,
            "resource_usage_export_config": [],
            "secret_manager_config": [
              {
                "enabled": false
              }
            ],
            "security_posture_config": [
              {
                "mode": "BASIC",
                "vulnerability_mode": "VULNERABILITY_MODE_UNSPECIFIED"
              }
            ],
            "self_link": "https://container.googleapis.com/v1/projects/tourist-452409/locations/asia-southeast1/clusters/tourist-cluster",
            "service_external_ips_config": [
              {
                "enabled": false
              }
            ],
            "services_ipv4_cidr": "34.118.224.0/20",
            "subnetwork": "projects/tourist-452409/regions/asia-southeast1/subnetworks/default",
            "terraform_labels": {
              "goog-terraform-provisioned": "true"
            },
            "timeouts": null,
            "tpu_ipv4_cidr_block": "",
            "user_managed_keys_config": [],
            "vertical_pod_autoscaling": [],
            "workload_identity_config": []
          },
          "sensitive_attributes": [
            [
              {
                "type": "get_attr",
                "value": "master_auth"
              },
              {
                "type": "index",
                "value": {
                  "value": 0,
                  "type": "number"
                }
              },
              {
                "type": "get_attr",
                "value": "client_key"
              }
            ]
          ],
          "private": "eyJlMmJmYjczMC1lY2FhLTExZTYtOGY4OC0zNDM2M2JjN2M0YzAiOnsiY3JlYXRlIjoyNDAwMDAwMDAwMDAwLCJkZWxldGUiOjI0MDAwMDAwMDAwMDAsInJlYWQiOjI0MDAwMDAwMDAwMDAsInVwZGF0ZSI6MzYwMDAwMDAwMDAwMH0sInNjaGVtYV92ZXJzaW9uIjoiMiJ9"
        }
      ]
    },
    {
      "mode": "managed",
      "type": "google_container_node_pool",
      "name": "primary_nodes",
      "provider": "provider[\"registry.terraform.io/hashicorp/google\"]",
      "instances": [
        {
          "schema_version": 1,
          "attributes": {
            "autoscaling": [
              {
                "location_policy": "BALANCED",
                "max_node_count": 5,
                "min_node_count": 1,
                "total_max_node_count": 0,
                "total_min_node_count": 0
              }
            ],
            "cluster": "tourist-cluster",
            "id": "projects/tourist-452409/locations/asia-southeast1/clusters/tourist-cluster/nodePools/primary-node-pool",
            "initial_node_count": 1,
            "instance_group_urls": [
              "https://www.googleapis.com/compute/v1/projects/tourist-452409/zones/asia-southeast1-c/instanceGroupManagers/gke-tourist-cluster-primary-node-pool-2be5d232-grp",
              "https://www.googleapis.com/compute/v1/projects/tourist-452409/zones/asia-southeast1-b/instanceGroupManagers/gke-tourist-cluster-primary-node-pool-313813e1-grp",
              "https://www.googleapis.com/compute/v1/projects/tourist-452409/zones/asia-southeast1-a/instanceGroupManagers/gke-tourist-cluster-primary-node-pool-e6701fef-grp"
            ],
            "location": "asia-southeast1",
            "managed_instance_group_urls": [
              "https://www.googleapis.com/compute/v1/projects/tourist-452409/zones/asia-southeast1-c/instanceGroups/gke-tourist-cluster-primary-node-pool-2be5d232-grp",
              "https://www.googleapis.com/compute/v1/projects/tourist-452409/zones/asia-southeast1-b/instanceGroups/gke-tourist-cluster-primary-node-pool-313813e1-grp",
              "https://www.googleapis.com/compute/v1/projects/tourist-452409/zones/asia-southeast1-a/instanceGroups/gke-tourist-cluster-primary-node-pool-e6701fef-grp"
            ],
            "management": [
              {
                "auto_repair": true,
                "auto_upgrade": true
              }
            ],
            "max_pods_per_node": 110,
            "name": "primary-node-pool",
            "name_prefix": "",
            "network_config": [
              {
                "additional_node_network_configs": [],
                "additional_pod_network_configs": [],
                "create_pod_range": false,
                "enable_private_nodes": false,
                "network_performance_config": [],
                "pod_cidr_overprovision_config": [],
                "pod_ipv4_cidr_block": "10.4.0.0/14",
                "pod_range": "gke-tourist-cluster-pods-5927ea68"
              }
            ],
            "node_config": [
              {
                "advanced_machine_features": [],
                "boot_disk_kms_key": "",
                "confidential_nodes": [],
                "containerd_config": [],
                "disk_size_gb": 20,
                "disk_type": "pd-balanced",
                "effective_taints": [],
                "enable_confidential_storage": false,
                "ephemeral_storage_local_ssd_config": [],
                "fast_socket": [],
                "gcfs_config": [],
                "guest_accelerator": [],
                "gvnic": [],
                "host_maintenance_policy": [],
                "image_type": "COS_CONTAINERD",
                "kubelet_config": [
                  {
                    "allowed_unsafe_sysctls": [],
                    "container_log_max_files": 0,
                    "container_log_max_size": "",
                    "cpu_cfs_quota": false,
                    "cpu_cfs_quota_period": "",
                    "cpu_manager_policy": "",
                    "image_gc_high_threshold_percent": 0,
                    "image_gc_low_threshold_percent": 0,
                    "image_maximum_gc_age": "",
                    "image_minimum_gc_age": "",
                    "insecure_kubelet_readonly_port_enabled": "TRUE",
                    "pod_pids_limit": 0
                  }
                ],
                "labels": {},
                "linux_node_config": [],
                "local_nvme_ssd_block_config": [],
                "local_ssd_count": 0,
                "local_ssd_encryption_mode": "",
                "logging_variant": "DEFAULT",
                "machine_type": "e2-medium",
                "max_run_duration": "",
                "metadata": {
                  "disable-legacy-endpoints": "true"
                },
                "min_cpu_platform": "",
                "node_group": "",
                "oauth_scopes": [
                  "https://www.googleapis.com/auth/cloud-platform"
                ],
                "preemptible": false,
                "reservation_affinity": [],
                "resource_labels": {
                  "goog-gke-node-pool-provisioning-model": "on-demand"
                },
                "resource_manager_tags": null,
                "secondary_boot_disks": [],
                "service_account": "default",
                "shielded_instance_config": [
                  {
                    "enable_integrity_monitoring": true,
                    "enable_secure_boot": false
                  }
                ],
                "sole_tenant_config": [],
                "spot": false,
                "storage_pools": null,
                "tags": null,
                "taint": [],
                "workload_metadata_config": []
              }
            ],
            "node_count": 1,
            "node_locations": [
              "asia-southeast1-a",
              "asia-southeast1-b",
              "asia-southeast1-c"
            ],
            "operation": null,
            "placement_policy": [],
            "project": "tourist-452409",
            "queued_provisioning": [],
            "timeouts": null,
            "upgrade_settings": [
              {
                "blue_green_settings": [],
                "max_surge": 1,
                "max_unavailable": 0,
                "strategy": "SURGE"
              }
            ],
            "version": "1.31.5-gke.1169000"
          },
          "sensitive_attributes": [],
          "private": "eyJlMmJmYjczMC1lY2FhLTExZTYtOGY4OC0zNDM2M2JjN2M0YzAiOnsiY3JlYXRlIjoxODAwMDAwMDAwMDAwLCJkZWxldGUiOjE4MDAwMDAwMDAwMDAsInVwZGF0ZSI6MTgwMDAwMDAwMDAwMH0sInNjaGVtYV92ZXJzaW9uIjoiMSJ9",
          "dependencies": [
            "google_container_cluster.tourist_cluster"
          ]
        }
      ]
    }
  ],
  "check_results": null
}
